
Microsoft Visual Studio Solution File, Format Version 12.00
# Visual Studio Version 17
VisualStudioVersion = 17.0.31903.59
MinimumVisualStudioVersion = 10.0.40219.1
Project("{2150E333-8FDC-42A3-9474-1A3956D46DE8}") = "src", "src", "{60846CCD-CE3B-4E5B-ADE0-0E301763A13D}"
EndProject
Project("{FAE04EC0-301F-11D3-BF4B-00C04F79EFBC}") = "app", "src\app\app.csproj", "{C53FCE4A-09AE-4C21-94BC-5DD02A9CF81B}"
EndProject
Project("{FAE04EC0-301F-11D3-BF4B-00C04F79EFBC}") = "lib", "src\lib\lib.csproj", "{7D10D258-5A05-4369-AAC5-DCACDB4AF071}"
EndProject
Global
	GlobalSection(SolutionConfigurationPlatforms) = preSolution
		Debug|Any CPU = Debug|Any CPU
		Release|Any CPU = Release|Any CPU
	EndGlobalSection
	GlobalSection(SolutionProperties) = preSolution
		HideSolutionNode = FALSE
	EndGlobalSection
	GlobalSection(ProjectConfigurationPlatforms) = postSolution
		{C53FCE4A-09AE-4C21-94BC-5DD02A9CF81B}.Debug|Any CPU.ActiveCfg = Debug|Any CPU
		{C53FCE4A-09AE-4C21-94BC-5DD02A9CF81B}.Debug|Any CPU.Build.0 = Debug|Any CPU
		{C53FCE4A-09AE-4C21-94BC-5DD02A9CF81B}.Release|Any CPU.ActiveCfg = Release|Any CPU
		{C53FCE4A-09AE-4C21-94BC-5DD02A9CF81B}.Release|Any CPU.Build.0 = Release|Any CPU
		{7D10D258-5A05-4369-AAC5-DCACDB4AF071}.Debug|Any CPU.ActiveCfg = Debug|Any CPU
		{7D10D258-5A05-4369-AAC5-DCACDB4AF071}.Debug|Any CPU.Build.0 = Debug|Any CPU
		{7D10D258-5A05-4369-AAC5-DCACDB4AF071}.Release|Any CPU.ActiveCfg = Release|Any CPU
		{7D10D258-5A05-4369-AAC5-DCACDB4AF071}.Release|Any CPU.Build.0 = Release|Any CPU
	EndGlobalSection
	GlobalSection(NestedProjects) = preSolution
		{C53FCE4A-09AE-4C21-94BC-5DD02A9CF81B} = {60846CCD-CE3B-4E5B-ADE0-0E301763A13D}
		{7D10D258-5A05-4369-AAC5-DCACDB4AF071} = {60846CCD-CE3B-4E5B-ADE0-0E301763A13D}
	EndGlobalSection
EndGlobal
